{
    "name": "com.carlos.tfg",
    "version": "1.0.0",
    "lockfileVersion": 1,
    "requires": true,
    "dependencies": {
        "android-versions": {
            "version": "1.2.2",
            "resolved": "https://registry.npmjs.org/android-versions/-/android-versions-1.2.2.tgz",
            "integrity": "sha512-LpawvakR+6l5gFXg/EXZVj9DjlUYOYiIIZqvPtyhs6Dod+uk4ut+CMtF00aBA7J2p2+h+mS/J18lNH/O00reHg==",
            "requires": {
                "semver": "5.4.1"
            }
        },
        "bower": {
            "version": "1.8.2",
            "resolved": "https://registry.npmjs.org/bower/-/bower-1.8.2.tgz",
            "integrity": "sha1-rfU1KcjUrwLvJPuNU0HBQZ0z4vc="
        },
        "chart.js": {
            "version": "2.7.1",
            "resolved": "https://registry.npmjs.org/chart.js/-/chart.js-2.7.1.tgz",
            "integrity": "sha512-pX1oQAY86MiuyZ2hY593Acbl4MLHKrBBhhmZ1YqSadzQbbsBE2rnd6WISoHjIsdf0WDeC0hbePYCz2ZxkV8L+g==",
            "requires": {
                "chartjs-color": "2.2.0",
                "moment": "2.18.1"
            }
        },
        "chartjs-color": {
            "version": "2.2.0",
            "resolved": "https://registry.npmjs.org/chartjs-color/-/chartjs-color-2.2.0.tgz",
            "integrity": "sha1-hKL7dVeH7YXDndbdjHsdiEKbrq4=",
            "requires": {
                "chartjs-color-string": "0.5.0",
                "color-convert": "0.5.3"
            }
        },
        "chartjs-color-string": {
            "version": "0.5.0",
            "resolved": "https://registry.npmjs.org/chartjs-color-string/-/chartjs-color-string-0.5.0.tgz",
            "integrity": "sha512-amWNvCOXlOUYxZVDSa0YOab5K/lmEhbFNKI55PWc4mlv28BDzA7zaoQTGxSBgJMHIW+hGX8YUrvw/FH4LyhwSQ==",
            "requires": {
                "color-name": "1.1.3"
            }
        },
        "color-convert": {
            "version": "0.5.3",
            "resolved": "https://registry.npmjs.org/color-convert/-/color-convert-0.5.3.tgz",
            "integrity": "sha1-vbbGnOZg+t/+CwAHzER+G59ygr0="
        },
        "color-name": {
            "version": "1.1.3",
            "resolved": "https://registry.npmjs.org/color-name/-/color-name-1.1.3.tgz",
            "integrity": "sha1-p9BVi9icQveV3UIyj3QIMcpTvCU="
        },
        "commander": {
            "version": "2.13.0",
            "resolved": "https://registry.npmjs.org/commander/-/commander-2.13.0.tgz",
            "integrity": "sha512-MVuS359B+YzaWqjCL/c+22gfryv+mCBPHAv3zyVI2GN8EY6IRP8VwtasXn8jyyhvvq84R4ImN1OKRtcbIasjYA=="
        },
        "cordova-android": {
            "version": "6.3.0",
            "resolved": "https://registry.npmjs.org/cordova-android/-/cordova-android-6.3.0.tgz",
            "integrity": "sha1-2lQYQz0lx1pZd7QoJEu+Q30BKNI=",
            "requires": {
                "android-versions": "1.2.2",
                "cordova-common": "2.1.0",
                "elementtree": "0.1.6",
                "nopt": "3.0.6",
                "properties-parser": "0.2.3",
                "q": "1.5.0",
                "shelljs": "0.5.3"
            },
            "dependencies": {
                "abbrev": {
                    "version": "1.1.0",
                    "bundled": true
                },
                "ansi": {
                    "version": "0.3.1",
                    "bundled": true
                },
                "balanced-match": {
                    "version": "1.0.0",
                    "bundled": true
                },
                "base64-js": {
                    "version": "0.0.8",
                    "bundled": true
                },
                "big-integer": {
                    "version": "1.6.25",
                    "bundled": true
                },
                "bplist-parser": {
                    "version": "0.1.1",
                    "bundled": true,
                    "requires": {
                        "big-integer": "1.6.25"
                    }
                },
                "brace-expansion": {
                    "version": "1.1.8",
                    "bundled": true,
                    "requires": {
                        "balanced-match": "1.0.0",
                        "concat-map": "0.0.1"
                    }
                },
                "concat-map": {
                    "version": "0.0.1",
                    "bundled": true
                },
                "cordova-common": {
                    "version": "2.1.0",
                    "bundled": true,
                    "requires": {
                        "ansi": "0.3.1",
                        "bplist-parser": "0.1.1",
                        "cordova-registry-mapper": "1.1.15",
                        "elementtree": "0.1.6",
                        "glob": "5.0.15",
                        "minimatch": "3.0.4",
                        "osenv": "0.1.4",
                        "plist": "1.2.0",
                        "q": "1.5.0",
                        "semver": "5.4.1",
                        "shelljs": "0.5.3",
                        "underscore": "1.8.3",
                        "unorm": "1.4.1"
                    }
                },
                "cordova-registry-mapper": {
                    "version": "1.1.15",
                    "bundled": true
                },
                "elementtree": {
                    "version": "0.1.6",
                    "bundled": true,
                    "requires": {
                        "sax": "0.3.5"
                    }
                },
                "glob": {
                    "version": "5.0.15",
                    "bundled": true,
                    "requires": {
                        "inflight": "1.0.6",
                        "inherits": "2.0.3",
                        "minimatch": "3.0.4",
                        "once": "1.4.0",
                        "path-is-absolute": "1.0.1"
                    }
                },
                "inflight": {
                    "version": "1.0.6",
                    "bundled": true,
                    "requires": {
                        "once": "1.4.0",
                        "wrappy": "1.0.2"
                    }
                },
                "inherits": {
                    "version": "2.0.3",
                    "bundled": true
                },
                "lodash": {
                    "version": "3.10.1",
                    "bundled": true
                },
                "minimatch": {
                    "version": "3.0.4",
                    "bundled": true,
                    "requires": {
                        "brace-expansion": "1.1.8"
                    }
                },
                "nopt": {
                    "version": "3.0.6",
                    "bundled": true,
                    "requires": {
                        "abbrev": "1.1.0"
                    }
                },
                "once": {
                    "version": "1.4.0",
                    "bundled": true,
                    "requires": {
                        "wrappy": "1.0.2"
                    }
                },
                "os-homedir": {
                    "version": "1.0.2",
                    "bundled": true
                },
                "os-tmpdir": {
                    "version": "1.0.2",
                    "bundled": true
                },
                "osenv": {
                    "version": "0.1.4",
                    "bundled": true,
                    "requires": {
                        "os-homedir": "1.0.2",
                        "os-tmpdir": "1.0.2"
                    }
                },
                "path-is-absolute": {
                    "version": "1.0.1",
                    "bundled": true
                },
                "plist": {
                    "version": "1.2.0",
                    "bundled": true,
                    "requires": {
                        "base64-js": "0.0.8",
                        "util-deprecate": "1.0.2",
                        "xmlbuilder": "4.0.0",
                        "xmldom": "0.1.27"
                    }
                },
                "properties-parser": {
                    "version": "0.2.3",
                    "bundled": true
                },
                "q": {
                    "version": "1.5.0",
                    "bundled": true
                },
                "sax": {
                    "version": "0.3.5",
                    "bundled": true
                },
                "semver": {
                    "version": "5.4.1",
                    "bundled": true
                },
                "shelljs": {
                    "version": "0.5.3",
                    "bundled": true
                },
                "underscore": {
                    "version": "1.8.3",
                    "bundled": true
                },
                "unorm": {
                    "version": "1.4.1",
                    "bundled": true
                },
                "util-deprecate": {
                    "version": "1.0.2",
                    "bundled": true
                },
                "wrappy": {
                    "version": "1.0.2",
                    "bundled": true
                },
                "xmlbuilder": {
                    "version": "4.0.0",
                    "bundled": true,
                    "requires": {
                        "lodash": "3.10.1"
                    }
                },
                "xmldom": {
                    "version": "0.1.27",
                    "bundled": true
                }
            }
        },
        "cordova-gallery-access": {
            "version": "2.3.0",
            "resolved": "https://registry.npmjs.org/cordova-gallery-access/-/cordova-gallery-access-2.3.0.tgz",
            "integrity": "sha512-VrPq8Kh37tygEnudIOyNUHV8R3KeuTO3eOZb10pAUtvekWN71bAzdP1mQLJBsi4sTqFiVDV/KcsoQcRvm+lqZQ=="
        },
        "cordova-plugin-android-permissions": {
            "version": "1.0.0",
            "resolved": "https://registry.npmjs.org/cordova-plugin-android-permissions/-/cordova-plugin-android-permissions-1.0.0.tgz",
            "integrity": "sha1-nnwRa+Zo6336QUkbE9jUfalUgUk="
        },
        "cordova-plugin-camera": {
            "version": "4.0.1",
            "resolved": "https://registry.npmjs.org/cordova-plugin-camera/-/cordova-plugin-camera-4.0.1.tgz",
            "integrity": "sha1-AYwg1vxPGUV2tlSPP2cTPf5ix/0="
        },
        "cordova-plugin-whitelist": {
            "version": "1.3.3",
            "resolved": "https://registry.npmjs.org/cordova-plugin-whitelist/-/cordova-plugin-whitelist-1.3.3.tgz",
            "integrity": "sha1-tehezbv+Wu3tQKG/TuI3LmfZb7Q="
        },
        "d3": {
            "version": "4.12.2",
            "resolved": "https://registry.npmjs.org/d3/-/d3-4.12.2.tgz",
            "integrity": "sha512-aKAlpgTmpuGeEpezB+GvPpX1x+gCMs/PHpuse6sCpkgw4Un3ZeqUobIc87eIy9adcl+wxPAnEyKyO5oulH3MOw==",
            "requires": {
                "d3-array": "1.2.1",
                "d3-axis": "1.0.8",
                "d3-brush": "1.0.4",
                "d3-chord": "1.0.4",
                "d3-collection": "1.0.4",
                "d3-color": "1.0.3",
                "d3-dispatch": "1.0.3",
                "d3-drag": "1.2.1",
                "d3-dsv": "1.0.8",
                "d3-ease": "1.0.3",
                "d3-force": "1.1.0",
                "d3-format": "1.2.1",
                "d3-geo": "1.9.1",
                "d3-hierarchy": "1.1.5",
                "d3-interpolate": "1.1.6",
                "d3-path": "1.0.5",
                "d3-polygon": "1.0.3",
                "d3-quadtree": "1.0.3",
                "d3-queue": "3.0.7",
                "d3-random": "1.1.0",
                "d3-request": "1.0.6",
                "d3-scale": "1.0.7",
                "d3-selection": "1.2.0",
                "d3-shape": "1.2.0",
                "d3-time": "1.0.8",
                "d3-time-format": "2.1.1",
                "d3-timer": "1.0.7",
                "d3-transition": "1.1.1",
                "d3-voronoi": "1.1.2",
                "d3-zoom": "1.7.1"
            }
        },
        "d3-array": {
            "version": "1.2.1",
            "resolved": "https://registry.npmjs.org/d3-array/-/d3-array-1.2.1.tgz",
            "integrity": "sha512-CyINJQ0SOUHojDdFDH4JEM0552vCR1utGyLHegJHyYH0JyCpSeTPxi4OBqHMA2jJZq4NH782LtaJWBImqI/HBw=="
        },
        "d3-axis": {
            "version": "1.0.8",
            "resolved": "https://registry.npmjs.org/d3-axis/-/d3-axis-1.0.8.tgz",
            "integrity": "sha1-MacFoLU15ldZ3hQXOjGTMTfxjvo="
        },
        "d3-brush": {
            "version": "1.0.4",
            "resolved": "https://registry.npmjs.org/d3-brush/-/d3-brush-1.0.4.tgz",
            "integrity": "sha1-AMLyOAGfJPbAoZSibUGhUw/+e8Q=",
            "requires": {
                "d3-dispatch": "1.0.3",
                "d3-drag": "1.2.1",
                "d3-interpolate": "1.1.6",
                "d3-selection": "1.2.0",
                "d3-transition": "1.1.1"
            }
        },
        "d3-chord": {
            "version": "1.0.4",
            "resolved": "https://registry.npmjs.org/d3-chord/-/d3-chord-1.0.4.tgz",
            "integrity": "sha1-fexPC6iG9xP+ERxF92NBT290yiw=",
            "requires": {
                "d3-array": "1.2.1",
                "d3-path": "1.0.5"
            }
        },
        "d3-collection": {
            "version": "1.0.4",
            "resolved": "https://registry.npmjs.org/d3-collection/-/d3-collection-1.0.4.tgz",
            "integrity": "sha1-NC39EoN8kJdPM/HMCnha6lcNzcI="
        },
        "d3-color": {
            "version": "1.0.3",
            "resolved": "https://registry.npmjs.org/d3-color/-/d3-color-1.0.3.tgz",
            "integrity": "sha1-vHZD/KjlOoNH4vva/6I2eWtYUJs="
        },
        "d3-dispatch": {
            "version": "1.0.3",
            "resolved": "https://registry.npmjs.org/d3-dispatch/-/d3-dispatch-1.0.3.tgz",
            "integrity": "sha1-RuFJHqqbWMNY/OW+TovtYm54cfg="
        },
        "d3-drag": {
            "version": "1.2.1",
            "resolved": "https://registry.npmjs.org/d3-drag/-/d3-drag-1.2.1.tgz",
            "integrity": "sha512-Cg8/K2rTtzxzrb0fmnYOUeZHvwa4PHzwXOLZZPwtEs2SKLLKLXeYwZKBB+DlOxUvFmarOnmt//cU4+3US2lyyQ==",
            "requires": {
                "d3-dispatch": "1.0.3",
                "d3-selection": "1.2.0"
            }
        },
        "d3-dsv": {
            "version": "1.0.8",
            "resolved": "https://registry.npmjs.org/d3-dsv/-/d3-dsv-1.0.8.tgz",
            "integrity": "sha512-IVCJpQ+YGe3qu6odkPQI0KPqfxkhbP/oM1XhhE/DFiYmcXKfCRub4KXyiuehV1d4drjWVXHUWx4gHqhdZb6n/A==",
            "requires": {
                "commander": "2.13.0",
                "iconv-lite": "0.4.19",
                "rw": "1.3.3"
            }
        },
        "d3-ease": {
            "version": "1.0.3",
            "resolved": "https://registry.npmjs.org/d3-ease/-/d3-ease-1.0.3.tgz",
            "integrity": "sha1-aL+8NJM4o4DETYrMT7wzBKotjA4="
        },
        "d3-force": {
            "version": "1.1.0",
            "resolved": "https://registry.npmjs.org/d3-force/-/d3-force-1.1.0.tgz",
            "integrity": "sha512-2HVQz3/VCQs0QeRNZTYb7GxoUCeb6bOzMp/cGcLa87awY9ZsPvXOGeZm0iaGBjXic6I1ysKwMn+g+5jSAdzwcg==",
            "requires": {
                "d3-collection": "1.0.4",
                "d3-dispatch": "1.0.3",
                "d3-quadtree": "1.0.3",
                "d3-timer": "1.0.7"
            }
        },
        "d3-format": {
            "version": "1.2.1",
            "resolved": "https://registry.npmjs.org/d3-format/-/d3-format-1.2.1.tgz",
            "integrity": "sha512-U4zRVLDXW61bmqoo+OJ/V687e1T5nVd3TAKAJKgtpZ/P1JsMgyod0y9br+mlQOryTAACdiXI3wCjuERHFNp91w=="
        },
        "d3-geo": {
            "version": "1.9.1",
            "resolved": "https://registry.npmjs.org/d3-geo/-/d3-geo-1.9.1.tgz",
            "integrity": "sha512-l9wL/cEQkyZQYXw3xbmLsH3eQ5ij+icNfo4r0GrLa5rOCZR/e/3am45IQ0FvQ5uMsv+77zBRunLc9ufTWSQYFA==",
            "requires": {
                "d3-array": "1.2.1"
            }
        },
        "d3-hierarchy": {
            "version": "1.1.5",
            "resolved": "https://registry.npmjs.org/d3-hierarchy/-/d3-hierarchy-1.1.5.tgz",
            "integrity": "sha1-ochFxC+Eoga88cAcAQmOpN2qeiY="
        },
        "d3-interpolate": {
            "version": "1.1.6",
            "resolved": "https://registry.npmjs.org/d3-interpolate/-/d3-interpolate-1.1.6.tgz",
            "integrity": "sha512-mOnv5a+pZzkNIHtw/V6I+w9Lqm9L5bG3OTXPM5A+QO0yyVMQ4W1uZhR+VOJmazaOZXri2ppbiZ5BUNWT0pFM9A==",
            "requires": {
                "d3-color": "1.0.3"
            }
        },
        "d3-path": {
            "version": "1.0.5",
            "resolved": "https://registry.npmjs.org/d3-path/-/d3-path-1.0.5.tgz",
            "integrity": "sha1-JB6xhJvZ6egCHA0KeZ+KDo5EF2Q="
        },
        "d3-polygon": {
            "version": "1.0.3",
            "resolved": "https://registry.npmjs.org/d3-polygon/-/d3-polygon-1.0.3.tgz",
            "integrity": "sha1-FoiOkCZGCTPysXllKtN4Ik04LGI="
        },
        "d3-quadtree": {
            "version": "1.0.3",
            "resolved": "https://registry.npmjs.org/d3-quadtree/-/d3-quadtree-1.0.3.tgz",
            "integrity": "sha1-rHmH4+I/6AWpkPKOG1DTj8uCJDg="
        },
        "d3-queue": {
            "version": "3.0.7",
            "resolved": "https://registry.npmjs.org/d3-queue/-/d3-queue-3.0.7.tgz",
            "integrity": "sha1-yTouVLQXwJWRKdfXP2z31Ckudhg="
        },
        "d3-random": {
            "version": "1.1.0",
            "resolved": "https://registry.npmjs.org/d3-random/-/d3-random-1.1.0.tgz",
            "integrity": "sha1-ZkLlBsb6OmSFldKyRpeIqNElKdM="
        },
        "d3-request": {
            "version": "1.0.6",
            "resolved": "https://registry.npmjs.org/d3-request/-/d3-request-1.0.6.tgz",
            "integrity": "sha512-FJj8ySY6GYuAJHZMaCQ83xEYE4KbkPkmxZ3Hu6zA1xxG2GD+z6P+Lyp+zjdsHf0xEbp2xcluDI50rCS855EQ6w==",
            "requires": {
                "d3-collection": "1.0.4",
                "d3-dispatch": "1.0.3",
                "d3-dsv": "1.0.8",
                "xmlhttprequest": "1.8.0"
            }
        },
        "d3-scale": {
            "version": "1.0.7",
            "resolved": "https://registry.npmjs.org/d3-scale/-/d3-scale-1.0.7.tgz",
            "integrity": "sha512-KvU92czp2/qse5tUfGms6Kjig0AhHOwkzXG0+PqIJB3ke0WUv088AHMZI0OssO9NCkXt4RP8yju9rpH8aGB7Lw==",
            "requires": {
                "d3-array": "1.2.1",
                "d3-collection": "1.0.4",
                "d3-color": "1.0.3",
                "d3-format": "1.2.1",
                "d3-interpolate": "1.1.6",
                "d3-time": "1.0.8",
                "d3-time-format": "2.1.1"
            }
        },
        "d3-selection": {
            "version": "1.2.0",
            "resolved": "https://registry.npmjs.org/d3-selection/-/d3-selection-1.2.0.tgz",
            "integrity": "sha512-xW2Pfcdzh1gOaoI+LGpPsLR2VpBQxuFoxvrvguK8ZmrJbPIVvfNG6pU6GNfK41D6Qz15sj61sbW/AFYuukwaLQ=="
        },
        "d3-shape": {
            "version": "1.2.0",
            "resolved": "https://registry.npmjs.org/d3-shape/-/d3-shape-1.2.0.tgz",
            "integrity": "sha1-RdAVOPBkuv0F6j1tLLdI/YxB93c=",
            "requires": {
                "d3-path": "1.0.5"
            }
        },
        "d3-time": {
            "version": "1.0.8",
            "resolved": "https://registry.npmjs.org/d3-time/-/d3-time-1.0.8.tgz",
            "integrity": "sha512-YRZkNhphZh3KcnBfitvF3c6E0JOFGikHZ4YqD+Lzv83ZHn1/u6yGenRU1m+KAk9J1GnZMnKcrtfvSktlA1DXNQ=="
        },
        "d3-time-format": {
            "version": "2.1.1",
            "resolved": "https://registry.npmjs.org/d3-time-format/-/d3-time-format-2.1.1.tgz",
            "integrity": "sha512-8kAkymq2WMfzW7e+s/IUNAtN/y3gZXGRrdGfo6R8NKPAA85UBTxZg5E61bR6nLwjPjj4d3zywSQe1CkYLPFyrw==",
            "requires": {
                "d3-time": "1.0.8"
            }
        },
        "d3-timer": {
            "version": "1.0.7",
            "resolved": "https://registry.npmjs.org/d3-timer/-/d3-timer-1.0.7.tgz",
            "integrity": "sha512-vMZXR88XujmG/L5oB96NNKH5lCWwiLM/S2HyyAQLcjWJCloK5shxta4CwOFYLZoY3AWX73v8Lgv4cCAdWtRmOA=="
        },
        "d3-transition": {
            "version": "1.1.1",
            "resolved": "https://registry.npmjs.org/d3-transition/-/d3-transition-1.1.1.tgz",
            "integrity": "sha512-xeg8oggyQ+y5eb4J13iDgKIjUcEfIOZs2BqV/eEmXm2twx80wTzJ4tB4vaZ5BKfz7XsI/DFmQL5me6O27/5ykQ==",
            "requires": {
                "d3-color": "1.0.3",
                "d3-dispatch": "1.0.3",
                "d3-ease": "1.0.3",
                "d3-interpolate": "1.1.6",
                "d3-selection": "1.2.0",
                "d3-timer": "1.0.7"
            }
        },
        "d3-voronoi": {
            "version": "1.1.2",
            "resolved": "https://registry.npmjs.org/d3-voronoi/-/d3-voronoi-1.1.2.tgz",
            "integrity": "sha1-Fodmfo8TotFYyAwUgMWinLDYlzw="
        },
        "d3-zoom": {
            "version": "1.7.1",
            "resolved": "https://registry.npmjs.org/d3-zoom/-/d3-zoom-1.7.1.tgz",
            "integrity": "sha512-sZHQ55DGq5BZBFGnRshUT8tm2sfhPHFnOlmPbbwTkAoPeVdRTkB4Xsf9GCY0TSHrTD8PeJPZGmP/TpGicwJDJQ==",
            "requires": {
                "d3-dispatch": "1.0.3",
                "d3-drag": "1.2.1",
                "d3-interpolate": "1.1.6",
                "d3-selection": "1.2.0",
                "d3-transition": "1.1.1"
            }
        },
        "d3.chart": {
            "version": "0.3.0",
            "resolved": "https://registry.npmjs.org/d3.chart/-/d3.chart-0.3.0.tgz",
            "integrity": "sha1-hwHlZi8BZsqBZuU66DTUhhrAjow="
        },
        "git": {
            "version": "0.1.5",
            "resolved": "https://registry.npmjs.org/git/-/git-0.1.5.tgz",
            "integrity": "sha1-nvYt+T+FHCdUIUO/UtHGixAXyhU=",
            "requires": {
                "mime": "1.2.9"
            }
        },
        "iconv-lite": {
            "version": "0.4.19",
            "resolved": "https://registry.npmjs.org/iconv-lite/-/iconv-lite-0.4.19.tgz",
            "integrity": "sha512-oTZqweIP51xaGPI4uPa56/Pri/480R+mo7SeU+YETByQNhDG55ycFyNLIgta9vXhILrxXDmF7ZGhqZIcuN0gJQ=="
        },
        "mime": {
            "version": "1.2.9",
            "resolved": "https://registry.npmjs.org/mime/-/mime-1.2.9.tgz",
            "integrity": "sha1-AJzUCGe9Nd5SGzuWbwTi+NTRPQk="
        },
        "moment": {
            "version": "2.18.1",
            "resolved": "https://registry.npmjs.org/moment/-/moment-2.18.1.tgz",
            "integrity": "sha1-w2GT3Tzhwu7SrbfIAtu8d6gbHA8="
        },
        "rw": {
            "version": "1.3.3",
            "resolved": "https://registry.npmjs.org/rw/-/rw-1.3.3.tgz",
            "integrity": "sha1-P4Yt+pGrdmsUiF700BEkv9oHT7Q="
        },
        "semver": {
            "version": "5.4.1",
            "resolved": "https://registry.npmjs.org/semver/-/semver-5.4.1.tgz",
            "integrity": "sha512-WfG/X9+oATh81XtllIo/I8gOiY9EXRdv1cQdyykeXK17YcUW3EXUAi2To4pcH6nZtJPr7ZOpM5OMyWJZm+8Rsg=="
        },
        "xmlhttprequest": {
            "version": "1.8.0",
            "resolved": "https://registry.npmjs.org/xmlhttprequest/-/xmlhttprequest-1.8.0.tgz",
            "integrity": "sha1-Z/4HXFwk/vOfnWX197f+dRcZaPw="
        }
    }
}
